
Microsoft Visual Studio Solution File, Format Version 12.00
# Visual Studio Version 17
VisualStudioVersion = 17.12.35707.178
MinimumVisualStudioVersion = 10.0.40219.1
Project("{FAE04EC0-301F-11D3-BF4B-00C04F79EFBC}") = "BaseLineGUI", "BaseLineGUI.csproj", "{71167975-2893-49D9-BA4F-07524C47FFE4}"
	ProjectSection(ProjectDependencies) = postProject
		{D027B23D-D230-47D0-ABC4-C71598BBEEA4} = {D027B23D-D230-47D0-ABC4-C71598BBEEA4}
	EndProjectSection
EndProject
Project("{8BC9CEB8-8B4A-11D0-8D11-00A0C91BC942}") = "BaseLineLibrary", "..\BaseLineLibrary\BaseLineLibrary.vcxproj", "{D027B23D-D230-47D0-ABC4-C71598BBEEA4}"
EndProject
Global
	GlobalSection(SolutionConfigurationPlatforms) = preSolution
		Debug|Any CPU = Debug|Any CPU
		Debug|x64 = Debug|x64
		Debug|x86 = Debug|x86
		Release|Any CPU = Release|Any CPU
		Release|x64 = Release|x64
		Release|x86 = Release|x86
	EndGlobalSection
	GlobalSection(ProjectConfigurationPlatforms) = postSolution
		{71167975-2893-49D9-BA4F-07524C47FFE4}.Debug|Any CPU.ActiveCfg = Debug|Any CPU
		{71167975-2893-49D9-BA4F-07524C47FFE4}.Debug|Any CPU.Build.0 = Debug|Any CPU
		{71167975-2893-49D9-BA4F-07524C47FFE4}.Debug|x64.ActiveCfg = Debug|Any CPU
		{71167975-2893-49D9-BA4F-07524C47FFE4}.Debug|x64.Build.0 = Debug|Any CPU
		{71167975-2893-49D9-BA4F-07524C47FFE4}.Debug|x86.ActiveCfg = Debug|Any CPU
		{71167975-2893-49D9-BA4F-07524C47FFE4}.Debug|x86.Build.0 = Debug|Any CPU
		{71167975-2893-49D9-BA4F-07524C47FFE4}.Release|Any CPU.ActiveCfg = Release|Any CPU
		{71167975-2893-49D9-BA4F-07524C47FFE4}.Release|Any CPU.Build.0 = Release|Any CPU
		{71167975-2893-49D9-BA4F-07524C47FFE4}.Release|x64.ActiveCfg = Release|Any CPU
		{71167975-2893-49D9-BA4F-07524C47FFE4}.Release|x64.Build.0 = Release|Any CPU
		{71167975-2893-49D9-BA4F-07524C47FFE4}.Release|x86.ActiveCfg = Release|Any CPU
		{71167975-2893-49D9-BA4F-07524C47FFE4}.Release|x86.Build.0 = Release|Any CPU
		{D027B23D-D230-47D0-ABC4-C71598BBEEA4}.Debug|Any CPU.ActiveCfg = Debug|x64
		{D027B23D-D230-47D0-ABC4-C71598BBEEA4}.Debug|Any CPU.Build.0 = Debug|x64
		{D027B23D-D230-47D0-ABC4-C71598BBEEA4}.Debug|x64.ActiveCfg = Debug|x64
		{D027B23D-D230-47D0-ABC4-C71598BBEEA4}.Debug|x64.Build.0 = Debug|x64
		{D027B23D-D230-47D0-ABC4-C71598BBEEA4}.Debug|x86.ActiveCfg = Debug|Win32
		{D027B23D-D230-47D0-ABC4-C71598BBEEA4}.Debug|x86.Build.0 = Debug|Win32
		{D027B23D-D230-47D0-ABC4-C71598BBEEA4}.Release|Any CPU.ActiveCfg = Release|x64
		{D027B23D-D230-47D0-ABC4-C71598BBEEA4}.Release|Any CPU.Build.0 = Release|x64
		{D027B23D-D230-47D0-ABC4-C71598BBEEA4}.Release|x64.ActiveCfg = Release|x64
		{D027B23D-D230-47D0-ABC4-C71598BBEEA4}.Release|x64.Build.0 = Release|x64
		{D027B23D-D230-47D0-ABC4-C71598BBEEA4}.Release|x86.ActiveCfg = Release|Win32
		{D027B23D-D230-47D0-ABC4-C71598BBEEA4}.Release|x86.Build.0 = Release|Win32
	EndGlobalSection
	GlobalSection(SolutionProperties) = preSolution
		HideSolutionNode = FALSE
	EndGlobalSection
	GlobalSection(ExtensibilityGlobals) = postSolution
		SolutionGuid = {03FE9113-0AB3-4FFC-964E-DE3DEA2480FA}
	EndGlobalSection
EndGlobal
